// !$*UTF8*$!
{
	archiveVersion = 1;
	classes = {
	};
	objectVersion = 56;
	objects = {

/* Begin PBXBuildFile section */
		A9B7753C294C7C8D008F7711 /* ItseSwiftMarioApp.swift in Sources */ = {isa = PBXBuildFile; fileRef = A9B7753B294C7C8D008F7711 /* ItseSwiftMarioApp.swift */; };
		A9B7753E294C7C8D008F7711 /* ContentView.swift in Sources */ = {isa = PBXBuildFile; fileRef = A9B7753D294C7C8D008F7711 /* ContentView.swift */; };
		A9B77540294C7C8E008F7711 /* Assets.xcassets in Resources */ = {isa = PBXBuildFile; fileRef = A9B7753F294C7C8E008F7711 /* Assets.xcassets */; };
		A9B77543294C7C8E008F7711 /* Preview Assets.xcassets in Resources */ = {isa = PBXBuildFile; fileRef = A9B77542294C7C8E008F7711 /* Preview Assets.xcassets */; };
		A9B7754D294C7C8E008F7711 /* ItseSwiftMarioTests.swift in Sources */ = {isa = PBXBuildFile; fileRef = A9B7754C294C7C8E008F7711 /* ItseSwiftMarioTests.swift */; };
		A9B77557294C7C8E008F7711 /* ItseSwiftMarioUITests.swift in Sources */ = {isa = PBXBuildFile; fileRef = A9B77556294C7C8E008F7711 /* ItseSwiftMarioUITests.swift */; };
		A9B77559294C7C8E008F7711 /* ItseSwiftMarioUITestsLaunchTests.swift in Sources */ = {isa = PBXBuildFile; fileRef = A9B77558294C7C8E008F7711 /* ItseSwiftMarioUITestsLaunchTests.swift */; };
/* End PBXBuildFile section */

/* Begin PBXContainerItemProxy section */
		A9B77549294C7C8E008F7711 /* PBXContainerItemProxy */ = {
			isa = PBXContainerItemProxy;
			containerPortal = A9B77530294C7C8D008F7711 /* Project object */;
			proxyType = 1;
			remoteGlobalIDString = A9B77537294C7C8D008F7711;
			remoteInfo = ItseSwiftMario;
		};
		A9B77553294C7C8E008F7711 /* PBXContainerItemProxy */ = {
			isa = PBXContainerItemProxy;
			containerPortal = A9B77530294C7C8D008F7711 /* Project object */;
			proxyType = 1;
			remoteGlobalIDString = A9B77537294C7C8D008F7711;
			remoteInfo = ItseSwiftMario;
		};
/* End PBXContainerItemProxy section */

/* Begin PBXFileReference section */
		A9B77538294C7C8D008F7711 /* ItseSwiftMario.app */ = {isa = PBXFileReference; explicitFileType = wrapper.application; includeInIndex = 0; path = ItseSwiftMario.app; sourceTree = BUILT_PRODUCTS_DIR; };
		A9B7753B294C7C8D008F7711 /* ItseSwiftMarioApp.swift */ = {isa = PBXFileReference; lastKnownFileType = sourcecode.swift; path = ItseSwiftMarioApp.swift; sourceTree = "<group>"; };
		A9B7753D294C7C8D008F7711 /* ContentView.swift */ = {isa = PBXFileReference; lastKnownFileType = sourcecode.swift; path = ContentView.swift; sourceTree = "<group>"; };
		A9B7753F294C7C8E008F7711 /* Assets.xcassets */ = {isa = PBXFileReference; lastKnownFileType = folder.assetcatalog; path = Assets.xcassets; sourceTree = "<group>"; };
		A9B77542294C7C8E008F7711 /* Preview Assets.xcassets */ = {isa = PBXFileReference; lastKnownFileType = folder.assetcatalog; path = "Preview Assets.xcassets"; sourceTree = "<group>"; };
		A9B77548294C7C8E008F7711 /* ItseSwiftMarioTests.xctest */ = {isa = PBXFileReference; explicitFileType = wrapper.cfbundle; includeInIndex = 0; path = ItseSwiftMarioTests.xctest; sourceTree = BUILT_PRODUCTS_DIR; };
		A9B7754C294C7C8E008F7711 /* ItseSwiftMarioTests.swift */ = {isa = PBXFileReference; lastKnownFileType = sourcecode.swift; path = ItseSwiftMarioTests.swift; sourceTree = "<group>"; };
		A9B77552294C7C8E008F7711 /* ItseSwiftMarioUITests.xctest */ = {isa = PBXFileReference; explicitFileType = wrapper.cfbundle; includeInIndex = 0; path = ItseSwiftMarioUITests.xctest; sourceTree = BUILT_PRODUCTS_DIR; };
		A9B77556294C7C8E008F7711 /* ItseSwiftMarioUITests.swift */ = {isa = PBXFileReference; lastKnownFileType = sourcecode.swift; path = ItseSwiftMarioUITests.swift; sourceTree = "<group>"; };
		A9B77558294C7C8E008F7711 /* ItseSwiftMarioUITestsLaunchTests.swift */ = {isa = PBXFileReference; lastKnownFileType = sourcecode.swift; path = ItseSwiftMarioUITestsLaunchTests.swift; sourceTree = "<group>"; };
/* End PBXFileReference section */

/* Begin PBXFrameworksBuildPhase section */
		A9B77535294C7C8D008F7711 /* Frameworks */ = {
			isa = PBXFrameworksBuildPhase;
			buildActionMask = 2147483647;
			files = (
			);
			runOnlyForDeploymentPostprocessing = 0;
		};
		A9B77545294C7C8E008F7711 /* Frameworks */ = {
			isa = PBXFrameworksBuildPhase;
			buildActionMask = 2147483647;
			files = (
			);
			runOnlyForDeploymentPostprocessing = 0;
		};
		A9B7754F294C7C8E008F7711 /* Frameworks */ = {
			isa = PBXFrameworksBuildPhase;
			buildActionMask = 2147483647;
			files = (
			);
			runOnlyForDeploymentPostprocessing = 0;
		};
/* End PBXFrameworksBuildPhase section */

/* Begin PBXGroup section */
		A9B7752F294C7C8D008F7711 = {
			isa = PBXGroup;
			children = (
				A9B7753A294C7C8D008F7711 /* ItseSwiftMario */,
				A9B7754B294C7C8E008F7711 /* ItseSwiftMarioTests */,
				A9B77555294C7C8E008F7711 /* ItseSwiftMarioUITests */,
				A9B77539294C7C8D008F7711 /* Products */,
			);
			sourceTree = "<group>";
		};
		A9B77539294C7C8D008F7711 /* Products */ = {
			isa = PBXGroup;
			children = (
				A9B77538294C7C8D008F7711 /* ItseSwiftMario.app */,
				A9B77548294C7C8E008F7711 /* ItseSwiftMarioTests.xctest */,
				A9B77552294C7C8E008F7711 /* ItseSwiftMarioUITests.xctest */,
			);
			name = Products;
			sourceTree = "<group>";
		};
		A9B7753A294C7C8D008F7711 /* ItseSwiftMario */ = {
			isa = PBXGroup;
			children = (
				A9B7753B294C7C8D008F7711 /* ItseSwiftMarioApp.swift */,
				A9B7753D294C7C8D008F7711 /* ContentView.swift */,
				A9B7753F294C7C8E008F7711 /* Assets.xcassets */,
				A9B77541294C7C8E008F7711 /* Preview Content */,
			);
			path = ItseSwiftMario;
			sourceTree = "<group>";
		};
		A9B77541294C7C8E008F7711 /* Preview Content */ = {
			isa = PBXGroup;
			children = (
				A9B77542294C7C8E008F7711 /* Preview Assets.xcassets */,
			);
			path = "Preview Content";
			sourceTree = "<group>";
		};
		A9B7754B294C7C8E008F7711 /* ItseSwiftMarioTests */ = {
			isa = PBXGroup;
			children = (
				A9B7754C294C7C8E008F7711 /* ItseSwiftMarioTests.swift */,
			);
			path = ItseSwiftMarioTests;
			sourceTree = "<group>";
		};
		A9B77555294C7C8E008F7711 /* ItseSwiftMarioUITests */ = {
			isa = PBXGroup;
			children = (
				A9B77556294C7C8E008F7711 /* ItseSwiftMarioUITests.swift */,
				A9B77558294C7C8E008F7711 /* ItseSwiftMarioUITestsLaunchTests.swift */,
			);
			path = ItseSwiftMarioUITests;
			sourceTree = "<group>";
		};
/* End PBXGroup section */

/* Begin PBXNativeTarget section */
		A9B77537294C7C8D008F7711 /* ItseSwiftMario */ = {
			isa = PBXNativeTarget;
			buildConfigurationList = A9B7755C294C7C8E008F7711 /* Build configuration list for PBXNativeTarget "ItseSwiftMario" */;
			buildPhases = (
				A9B77534294C7C8D008F7711 /* Sources */,
				A9B77535294C7C8D008F7711 /* Frameworks */,
				A9B77536294C7C8D008F7711 /* Resources */,
			);
			buildRules = (
			);
			dependencies = (
			);
			name = ItseSwiftMario;
			productName = ItseSwiftMario;
			productReference = A9B77538294C7C8D008F7711 /* ItseSwiftMario.app */;
			productType = "com.apple.product-type.application";
		};
		A9B77547294C7C8E008F7711 /* ItseSwiftMarioTests */ = {
			isa = PBXNativeTarget;
			buildConfigurationList = A9B7755F294C7C8E008F7711 /* Build configuration list for PBXNativeTarget "ItseSwiftMarioTests" */;
			buildPhases = (
				A9B77544294C7C8E008F7711 /* Sources */,
				A9B77545294C7C8E008F7711 /* Frameworks */,
				A9B77546294C7C8E008F7711 /* Resources */,
			);
			buildRules = (
			);
			dependencies = (
				A9B7754A294C7C8E008F7711 /* PBXTargetDependency */,
			);
			name = ItseSwiftMarioTests;
			productName = ItseSwiftMarioTests;
			productReference = A9B77548294C7C8E008F7711 /* ItseSwiftMarioTests.xctest */;
			productType = "com.apple.product-type.bundle.unit-test";
		};
		A9B77551294C7C8E008F7711 /* ItseSwiftMarioUITests */ = {
			isa = PBXNativeTarget;
			buildConfigurationList = A9B77562294C7C8E008F7711 /* Build configuration list for PBXNativeTarget "ItseSwiftMarioUITests" */;
			buildPhases = (
				A9B7754E294C7C8E008F7711 /* Sources */,
				A9B7754F294C7C8E008F7711 /* Frameworks */,
				A9B77550294C7C8E008F7711 /* Resources */,
			);
			buildRules = (
			);
			dependencies = (
				A9B77554294C7C8E008F7711 /* PBXTargetDependency */,
			);
			name = ItseSwiftMarioUITests;
			productName = ItseSwiftMarioUITests;
			productReference = A9B77552294C7C8E008F7711 /* ItseSwiftMarioUITests.xctest */;
			productType = "com.apple.product-type.bundle.ui-testing";
		};
/* End PBXNativeTarget section */

/* Begin PBXProject section */
		A9B77530294C7C8D008F7711 /* Project object */ = {
			isa = PBXProject;
			attributes = {
				BuildIndependentTargetsInParallel = 1;
				LastSwiftUpdateCheck = 1420;
				LastUpgradeCheck = 1420;
				TargetAttributes = {
					A9B77537294C7C8D008F7711 = {
						CreatedOnToolsVersion = 14.2;
					};
					A9B77547294C7C8E008F7711 = {
						CreatedOnToolsVersion = 14.2;
						TestTargetID = A9B77537294C7C8D008F7711;
					};
					A9B77551294C7C8E008F7711 = {
						CreatedOnToolsVersion = 14.2;
						TestTargetID = A9B77537294C7C8D008F7711;
					};
				};
			};
			buildConfigurationList = A9B77533294C7C8D008F7711 /* Build configuration list for PBXProject "ItseSwiftMario" */;
			compatibilityVersion = "Xcode 14.0";
			developmentRegion = en;
			hasScannedForEncodings = 0;
			knownRegions = (
				en,
				Base,
			);
			mainGroup = A9B7752F294C7C8D008F7711;
			productRefGroup = A9B77539294C7C8D008F7711 /* Products */;
			projectDirPath = "";
			projectRoot = "";
			targets = (
				A9B77537294C7C8D008F7711 /* ItseSwiftMario */,
				A9B77547294C7C8E008F7711 /* ItseSwiftMarioTests */,
				A9B77551294C7C8E008F7711 /* ItseSwiftMarioUITests */,
			);
		};
/* End PBXProject section */

/* Begin PBXResourcesBuildPhase section */
		A9B77536294C7C8D008F7711 /* Resources */ = {
			isa = PBXResourcesBuildPhase;
			buildActionMask = 2147483647;
			files = (
				A9B77543294C7C8E008F7711 /* Preview Assets.xcassets in Resources */,
				A9B77540294C7C8E008F7711 /* Assets.xcassets in Resources */,
			);
			runOnlyForDeploymentPostprocessing = 0;
		};
		A9B77546294C7C8E008F7711 /* Resources */ = {
			isa = PBXResourcesBuildPhase;
			buildActionMask = 2147483647;
			files = (
			);
			runOnlyForDeploymentPostprocessing = 0;
		};
		A9B77550294C7C8E008F7711 /* Resources */ = {
			isa = PBXResourcesBuildPhase;
			buildActionMask = 2147483647;
			files = (
			);
			runOnlyForDeploymentPostprocessing = 0;
		};
/* End PBXResourcesBuildPhase section */

/* Begin PBXSourcesBuildPhase section */
		A9B77534294C7C8D008F7711 /* Sources */ = {
			isa = PBXSourcesBuildPhase;
			buildActionMask = 2147483647;
			files = (
				A9B7753E294C7C8D008F7711 /* ContentView.swift in Sources */,
				A9B7753C294C7C8D008F7711 /* ItseSwiftMarioApp.swift in Sources */,
			);
			runOnlyForDeploymentPostprocessing = 0;
		};
		A9B77544294C7C8E008F7711 /* Sources */ = {
			isa = PBXSourcesBuildPhase;
			buildActionMask = 2147483647;
			files = (
				A9B7754D294C7C8E008F7711 /* ItseSwiftMarioTests.swift in Sources */,
			);
			runOnlyForDeploymentPostprocessing = 0;
		};
		A9B7754E294C7C8E008F7711 /* Sources */ = {
			isa = PBXSourcesBuildPhase;
			buildActionMask = 2147483647;
			files = (
				A9B77559294C7C8E008F7711 /* ItseSwiftMarioUITestsLaunchTests.swift in Sources */,
				A9B77557294C7C8E008F7711 /* ItseSwiftMarioUITests.swift in Sources */,
			);
			runOnlyForDeploymentPostprocessing = 0;
		};
/* End PBXSourcesBuildPhase section */

/* Begin PBXTargetDependency section */
		A9B7754A294C7C8E008F7711 /* PBXTargetDependency */ = {
			isa = PBXTargetDependency;
			target = A9B77537294C7C8D008F7711 /* ItseSwiftMario */;
			targetProxy = A9B77549294C7C8E008F7711 /* PBXContainerItemProxy */;
		};
		A9B77554294C7C8E008F7711 /* PBXTargetDependency */ = {
			isa = PBXTargetDependency;
			target = A9B77537294C7C8D008F7711 /* ItseSwiftMario */;
			targetProxy = A9B77553294C7C8E008F7711 /* PBXContainerItemProxy */;
		};
/* End PBXTargetDependency section */

/* Begin XCBuildConfiguration section */
		A9B7755A294C7C8E008F7711 /* Debug */ = {
			isa = XCBuildConfiguration;
			buildSettings = {
				ALWAYS_SEARCH_USER_PATHS = NO;
				CLANG_ANALYZER_NONNULL = YES;
				CLANG_ANALYZER_NUMBER_OBJECT_CONVERSION = YES_AGGRESSIVE;
				CLANG_CXX_LANGUAGE_STANDARD = "gnu++20";
				CLANG_ENABLE_MODULES = YES;
				CLANG_ENABLE_OBJC_ARC = YES;
				CLANG_ENABLE_OBJC_WEAK = YES;
				CLANG_WARN_BLOCK_CAPTURE_AUTORELEASING = YES;
				CLANG_WARN_BOOL_CONVERSION = YES;
				CLANG_WARN_COMMA = YES;
				CLANG_WARN_CONSTANT_CONVERSION = YES;
				CLANG_WARN_DEPRECATED_OBJC_IMPLEMENTATIONS = YES;
				CLANG_WARN_DIRECT_OBJC_ISA_USAGE = YES_ERROR;
				CLANG_WARN_DOCUMENTATION_COMMENTS = YES;
				CLANG_WARN_EMPTY_BODY = YES;
				CLANG_WARN_ENUM_CONVERSION = YES;
				CLANG_WARN_INFINITE_RECURSION = YES;
				CLANG_WARN_INT_CONVERSION = YES;
				CLANG_WARN_NON_LITERAL_NULL_CONVERSION = YES;
				CLANG_WARN_OBJC_IMPLICIT_RETAIN_SELF = YES;
				CLANG_WARN_OBJC_LITERAL_CONVERSION = YES;
				CLANG_WARN_OBJC_ROOT_CLASS = YES_ERROR;
				CLANG_WARN_QUOTED_INCLUDE_IN_FRAMEWORK_HEADER = YES;
				CLANG_WARN_RANGE_LOOP_ANALYSIS = YES;
				CLANG_WARN_STRICT_PROTOTYPES = YES;
				CLANG_WARN_SUSPICIOUS_MOVE = YES;
				CLANG_WARN_UNGUARDED_AVAILABILITY = YES_AGGRESSIVE;
				CLANG_WARN_UNREACHABLE_CODE = YES;
				CLANG_WARN__DUPLICATE_METHOD_MATCH = YES;
				COPY_PHASE_STRIP = NO;
				DEBUG_INFORMATION_FORMAT = dwarf;
				ENABLE_STRICT_OBJC_MSGSEND = YES;
				ENABLE_TESTABILITY = YES;
				GCC_C_LANGUAGE_STANDARD = gnu11;
				GCC_DYNAMIC_NO_PIC = NO;
				GCC_NO_COMMON_BLOCKS = YES;
				GCC_OPTIMIZATION_LEVEL = 0;
				GCC_PREPROCESSOR_DEFINITIONS = (
					"DEBUG=1",
					"$(inherited)",
				);
				GCC_WARN_64_TO_32_BIT_CONVERSION = YES;
				GCC_WARN_ABOUT_RETURN_TYPE = YES_ERROR;
				GCC_WARN_UNDECLARED_SELECTOR = YES;
				GCC_WARN_UNINITIALIZED_AUTOS = YES_AGGRESSIVE;
				GCC_WARN_UNUSED_FUNCTION = YES;
				GCC_WARN_UNUSED_VARIABLE = YES;
				IPHONEOS_DEPLOYMENT_TARGET = 16.2;
				MTL_ENABLE_DEBUG_INFO = INCLUDE_SOURCE;
				MTL_FAST_MATH = YES;
				ONLY_ACTIVE_ARCH = YES;
				SDKROOT = iphoneos;
				SWIFT_ACTIVE_COMPILATION_CONDITIONS = DEBUG;
				SWIFT_OPTIMIZATION_LEVEL = "-Onone";
			};
			name = Debug;
		};
		A9B7755B294C7C8E008F7711 /* Release */ = {
			isa = XCBuildConfiguration;
			buildSettings = {
				ALWAYS_SEARCH_USER_PATHS = NO;
				CLANG_ANALYZER_NONNULL = YES;
				CLANG_ANALYZER_NUMBER_OBJECT_CONVERSION = YES_AGGRESSIVE;
				CLANG_CXX_LANGUAGE_STANDARD = "gnu++20";
				CLANG_ENABLE_MODULES = YES;
				CLANG_ENABLE_OBJC_ARC = YES;
				CLANG_ENABLE_OBJC_WEAK = YES;
				CLANG_WARN_BLOCK_CAPTURE_AUTORELEASING = YES;
				CLANG_WARN_BOOL_CONVERSION = YES;
				CLANG_WARN_COMMA = YES;
				CLANG_WARN_CONSTANT_CONVERSION = YES;
				CLANG_WARN_DEPRECATED_OBJC_IMPLEMENTATIONS = YES;
				CLANG_WARN_DIRECT_OBJC_ISA_USAGE = YES_ERROR;
				CLANG_WARN_DOCUMENTATION_COMMENTS = YES;
				CLANG_WARN_EMPTY_BODY = YES;
				CLANG_WARN_ENUM_CONVERSION = YES;
				CLANG_WARN_INFINITE_RECURSION = YES;
				CLANG_WARN_INT_CONVERSION = YES;
				CLANG_WARN_NON_LITERAL_NULL_CONVERSION = YES;
				CLANG_WARN_OBJC_IMPLICIT_RETAIN_SELF = YES;
				CLANG_WARN_OBJC_LITERAL_CONVERSION = YES;
				CLANG_WARN_OBJC_ROOT_CLASS = YES_ERROR;
				CLANG_WARN_QUOTED_INCLUDE_IN_FRAMEWORK_HEADER = YES;
				CLANG_WARN_RANGE_LOOP_ANALYSIS = YES;
				CLANG_WARN_STRICT_PROTOTYPES = YES;
				CLANG_WARN_SUSPICIOUS_MOVE = YES;
				CLANG_WARN_UNGUARDED_AVAILABILITY = YES_AGGRESSIVE;
				CLANG_WARN_UNREACHABLE_CODE = YES;
				CLANG_WARN__DUPLICATE_METHOD_MATCH = YES;
				COPY_PHASE_STRIP = NO;
				DEBUG_INFORMATION_FORMAT = "dwarf-with-dsym";
				ENABLE_NS_ASSERTIONS = NO;
				ENABLE_STRICT_OBJC_MSGSEND = YES;
				GCC_C_LANGUAGE_STANDARD = gnu11;
				GCC_NO_COMMON_BLOCKS = YES;
				GCC_WARN_64_TO_32_BIT_CONVERSION = YES;
				GCC_WARN_ABOUT_RETURN_TYPE = YES_ERROR;
				GCC_WARN_UNDECLARED_SELECTOR = YES;
				GCC_WARN_UNINITIALIZED_AUTOS = YES_AGGRESSIVE;
				GCC_WARN_UNUSED_FUNCTION = YES;
				GCC_WARN_UNUSED_VARIABLE = YES;
				IPHONEOS_DEPLOYMENT_TARGET = 16.2;
				MTL_ENABLE_DEBUG_INFO = NO;
				MTL_FAST_MATH = YES;
				SDKROOT = iphoneos;
				SWIFT_COMPILATION_MODE = wholemodule;
				SWIFT_OPTIMIZATION_LEVEL = "-O";
				VALIDATE_PRODUCT = YES;
			};
			name = Release;
		};
		A9B7755D294C7C8E008F7711 /* Debug */ = {
			isa = XCBuildConfiguration;
			buildSettings = {
				ASSETCATALOG_COMPILER_APPICON_NAME = AppIcon;
				ASSETCATALOG_COMPILER_GLOBAL_ACCENT_COLOR_NAME = AccentColor;
				CODE_SIGN_STYLE = Automatic;
				CURRENT_PROJECT_VERSION = 1;
				DEVELOPMENT_ASSET_PATHS = "\"ItseSwiftMario/Preview Content\"";
				ENABLE_PREVIEWS = YES;
				GENERATE_INFOPLIST_FILE = YES;
				INFOPLIST_KEY_UIApplicationSceneManifest_Generation = YES;
				INFOPLIST_KEY_UIApplicationSupportsIndirectInputEvents = YES;
				INFOPLIST_KEY_UILaunchScreen_Generation = YES;
				INFOPLIST_KEY_UISupportedInterfaceOrientations_iPad = "UIInterfaceOrientationPortrait UIInterfaceOrientationPortraitUpsideDown UIInterfaceOrientationLandscapeLeft UIInterfaceOrientationLandscapeRight";
				INFOPLIST_KEY_UISupportedInterfaceOrientations_iPhone = "UIInterfaceOrientationPortrait UIInterfaceOrientationLandscapeLeft UIInterfaceOrientationLandscapeRight";
				LD_RUNPATH_SEARCH_PATHS = (
					"$(inherited)",
					"@executable_path/Frameworks",
				);
				MARKETING_VERSION = 1.0;
				PRODUCT_BUNDLE_IDENTIFIER = "de.syntax-institut.ItseSwiftMario";
				PRODUCT_NAME = "$(TARGET_NAME)";
				SWIFT_EMIT_LOC_STRINGS = YES;
				SWIFT_VERSION = 5.0;
				TARGETED_DEVICE_FAMILY = "1,2";
			};
			name = Debug;
		};
		A9B7755E294C7C8E008F7711 /* Release */ = {
			isa = XCBuildConfiguration;
			buildSettings = {
				ASSETCATALOG_COMPILER_APPICON_NAME = AppIcon;
				ASSETCATALOG_COMPILER_GLOBAL_ACCENT_COLOR_NAME = AccentColor;
				CODE_SIGN_STYLE = Automatic;
				CURRENT_PROJECT_VERSION = 1;
				DEVELOPMENT_ASSET_PATHS = "\"ItseSwiftMario/Preview Content\"";
				ENABLE_PREVIEWS = YES;
				GENERATE_INFOPLIST_FILE = YES;
				INFOPLIST_KEY_UIApplicationSceneManifest_Generation = YES;
				INFOPLIST_KEY_UIApplicationSupportsIndirectInputEvents = YES;
				INFOPLIST_KEY_UILaunchScreen_Generation = YES;
				INFOPLIST_KEY_UISupportedInterfaceOrientations_iPad = "UIInterfaceOrientationPortrait UIInterfaceOrientationPortraitUpsideDown UIInterfaceOrientationLandscapeLeft UIInterfaceOrientationLandscapeRight";
				INFOPLIST_KEY_UISupportedInterfaceOrientations_iPhone = "UIInterfaceOrientationPortrait UIInterfaceOrientationLandscapeLeft UIInterfaceOrientationLandscapeRight";
				LD_RUNPATH_SEARCH_PATHS = (
					"$(inherited)",
					"@executable_path/Frameworks",
				);
				MARKETING_VERSION = 1.0;
				PRODUCT_BUNDLE_IDENTIFIER = "de.syntax-institut.ItseSwiftMario";
				PRODUCT_NAME = "$(TARGET_NAME)";
				SWIFT_EMIT_LOC_STRINGS = YES;
				SWIFT_VERSION = 5.0;
				TARGETED_DEVICE_FAMILY = "1,2";
			};
			name = Release;
		};
		A9B77560294C7C8E008F7711 /* Debug */ = {
			isa = XCBuildConfiguration;
			buildSettings = {
				ALWAYS_EMBED_SWIFT_STANDARD_LIBRARIES = YES;
				BUNDLE_LOADER = "$(TEST_HOST)";
				CODE_SIGN_STYLE = Automatic;
				CURRENT_PROJECT_VERSION = 1;
				GENERATE_INFOPLIST_FILE = YES;
				IPHONEOS_DEPLOYMENT_TARGET = 16.2;
				MARKETING_VERSION = 1.0;
				PRODUCT_BUNDLE_IDENTIFIER = "de.syntax-institut.ItseSwiftMarioTests";
				PRODUCT_NAME = "$(TARGET_NAME)";
				SWIFT_EMIT_LOC_STRINGS = NO;
				SWIFT_VERSION = 5.0;
				TARGETED_DEVICE_FAMILY = "1,2";
				TEST_HOST = "$(BUILT_PRODUCTS_DIR)/ItseSwiftMario.app/$(BUNDLE_EXECUTABLE_FOLDER_PATH)/ItseSwiftMario";
			};
			name = Debug;
		};
		A9B77561294C7C8E008F7711 /* Release */ = {
			isa = XCBuildConfiguration;
			buildSettings = {
				ALWAYS_EMBED_SWIFT_STANDARD_LIBRARIES = YES;
				BUNDLE_LOADER = "$(TEST_HOST)";
				CODE_SIGN_STYLE = Automatic;
				CURRENT_PROJECT_VERSION = 1;
				GENERATE_INFOPLIST_FILE = YES;
				IPHONEOS_DEPLOYMENT_TARGET = 16.2;
				MARKETING_VERSION = 1.0;
				PRODUCT_BUNDLE_IDENTIFIER = "de.syntax-institut.ItseSwiftMarioTests";
				PRODUCT_NAME = "$(TARGET_NAME)";
				SWIFT_EMIT_LOC_STRINGS = NO;
				SWIFT_VERSION = 5.0;
				TARGETED_DEVICE_FAMILY = "1,2";
				TEST_HOST = "$(BUILT_PRODUCTS_DIR)/ItseSwiftMario.app/$(BUNDLE_EXECUTABLE_FOLDER_PATH)/ItseSwiftMario";
			};
			name = Release;
		};
		A9B77563294C7C8E008F7711 /* Debug */ = {
			isa = XCBuildConfiguration;
			buildSettings = {
				ALWAYS_EMBED_SWIFT_STANDARD_LIBRARIES = YES;
				CODE_SIGN_STYLE = Automatic;
				CURRENT_PROJECT_VERSION = 1;
				GENERATE_INFOPLIST_FILE = YES;
				MARKETING_VERSION = 1.0;
				PRODUCT_BUNDLE_IDENTIFIER = "de.syntax-institut.ItseSwiftMarioUITests";
				PRODUCT_NAME = "$(TARGET_NAME)";
				SWIFT_EMIT_LOC_STRINGS = NO;
				SWIFT_VERSION = 5.0;
				TARGETED_DEVICE_FAMILY = "1,2";
				TEST_TARGET_NAME = ItseSwiftMario;
			};
			name = Debug;
		};
		A9B77564294C7C8E008F7711 /* Release */ = {
			isa = XCBuildConfiguration;
			buildSettings = {
				ALWAYS_EMBED_SWIFT_STANDARD_LIBRARIES = YES;
				CODE_SIGN_STYLE = Automatic;
				CURRENT_PROJECT_VERSION = 1;
				GENERATE_INFOPLIST_FILE = YES;
				MARKETING_VERSION = 1.0;
				PRODUCT_BUNDLE_IDENTIFIER = "de.syntax-institut.ItseSwiftMarioUITests";
				PRODUCT_NAME = "$(TARGET_NAME)";
				SWIFT_EMIT_LOC_STRINGS = NO;
				SWIFT_VERSION = 5.0;
				TARGETED_DEVICE_FAMILY = "1,2";
				TEST_TARGET_NAME = ItseSwiftMario;
			};
			name = Release;
		};
/* End XCBuildConfiguration section */

/* Begin XCConfigurationList section */
		A9B77533294C7C8D008F7711 /* Build configuration list for PBXProject "ItseSwiftMario" */ = {
			isa = XCConfigurationList;
			buildConfigurations = (
				A9B7755A294C7C8E008F7711 /* Debug */,
				A9B7755B294C7C8E008F7711 /* Release */,
			);
			defaultConfigurationIsVisible = 0;
			defaultConfigurationName = Release;
		};
		A9B7755C294C7C8E008F7711 /* Build configuration list for PBXNativeTarget "ItseSwiftMario" */ = {
			isa = XCConfigurationList;
			buildConfigurations = (
				A9B7755D294C7C8E008F7711 /* Debug */,
				A9B7755E294C7C8E008F7711 /* Release */,
			);
			defaultConfigurationIsVisible = 0;
			defaultConfigurationName = Release;
		};
		A9B7755F294C7C8E008F7711 /* Build configuration list for PBXNativeTarget "ItseSwiftMarioTests" */ = {
			isa = XCConfigurationList;
			buildConfigurations = (
				A9B77560294C7C8E008F7711 /* Debug */,
				A9B77561294C7C8E008F7711 /* Release */,
			);
			defaultConfigurationIsVisible = 0;
			defaultConfigurationName = Release;
		};
		A9B77562294C7C8E008F7711 /* Build configuration list for PBXNativeTarget "ItseSwiftMarioUITests" */ = {
			isa = XCConfigurationList;
			buildConfigurations = (
				A9B77563294C7C8E008F7711 /* Debug */,
				A9B77564294C7C8E008F7711 /* Release */,
			);
			defaultConfigurationIsVisible = 0;
			defaultConfigurationName = Release;
		};
/* End XCConfigurationList section */
	};
	rootObject = A9B77530294C7C8D008F7711 /* Project object */;
}
